
Microsoft Visual Studio Solution File, Format Version 12.00
# Visual Studio Version 16
VisualStudioVersion = 16.0.29613.14
MinimumVisualStudioVersion = 10.0.40219.1
Project("{FAE04EC0-301F-11D3-BF4B-00C04F79EFBC}") = "ejercicios_cap_1_2_3_4", "ejercicios_cap_1_2_3_4\ejercicios_cap_1_2_3_4.csproj", "{20FBD3F0-DDF2-4EBB-BDEC-E8E3E1CF1FAC}"
EndProject
Global
	GlobalSection(SolutionConfigurationPlatforms) = preSolution
		Debug|Any CPU = Debug|Any CPU
		Release|Any CPU = Release|Any CPU
	EndGlobalSection
	GlobalSection(ProjectConfigurationPlatforms) = postSolution
		{20FBD3F0-DDF2-4EBB-BDEC-E8E3E1CF1FAC}.Debug|Any CPU.ActiveCfg = Debug|Any CPU
		{20FBD3F0-DDF2-4EBB-BDEC-E8E3E1CF1FAC}.Debug|Any CPU.Build.0 = Debug|Any CPU
		{20FBD3F0-DDF2-4EBB-BDEC-E8E3E1CF1FAC}.Release|Any CPU.ActiveCfg = Release|Any CPU
		{20FBD3F0-DDF2-4EBB-BDEC-E8E3E1CF1FAC}.Release|Any CPU.Build.0 = Release|Any CPU
	EndGlobalSection
	GlobalSection(SolutionProperties) = preSolution
		HideSolutionNode = FALSE
	EndGlobalSection
	GlobalSection(ExtensibilityGlobals) = postSolution
		SolutionGuid = {EE2B9849-88A1-432F-A2A3-06BE5C7AF8E5}
	EndGlobalSection
EndGlobal
